// !$*UTF8*$!
{
	archiveVersion = 1;
	classes = {
	};
	objectVersion = 46;
	objects = {

/* Begin PBXBuildFile section */
		414EE7321F27B9D200A92067 /* AppDelegate.swift in Sources */ = {isa = PBXBuildFile; fileRef = 414EE7311F27B9D200A92067 /* AppDelegate.swift */; };
		414EE7351F27B9D200A92067 /* Note_Taker.xcdatamodeld in Sources */ = {isa = PBXBuildFile; fileRef = 414EE7331F27B9D200A92067 /* Note_Taker.xcdatamodeld */; };
		414EE7371F27B9D200A92067 /* MasterViewController.swift in Sources */ = {isa = PBXBuildFile; fileRef = 414EE7361F27B9D200A92067 /* MasterViewController.swift */; };
		414EE7391F27B9D200A92067 /* DetailViewController.swift in Sources */ = {isa = PBXBuildFile; fileRef = 414EE7381F27B9D200A92067 /* DetailViewController.swift */; };
		414EE73C1F27B9D200A92067 /* Main.storyboard in Resources */ = {isa = PBXBuildFile; fileRef = 414EE73A1F27B9D200A92067 /* Main.storyboard */; };
		414EE73E1F27B9D200A92067 /* Assets.xcassets in Resources */ = {isa = PBXBuildFile; fileRef = 414EE73D1F27B9D200A92067 /* Assets.xcassets */; };
		414EE7411F27B9D200A92067 /* LaunchScreen.storyboard in Resources */ = {isa = PBXBuildFile; fileRef = 414EE73F1F27B9D200A92067 /* LaunchScreen.storyboard */; };
		414EE74C1F27B9D200A92067 /* Note_TakerTests.swift in Sources */ = {isa = PBXBuildFile; fileRef = 414EE74B1F27B9D200A92067 /* Note_TakerTests.swift */; };
		414EE7571F27B9D200A92067 /* Note_TakerUITests.swift in Sources */ = {isa = PBXBuildFile; fileRef = 414EE7561F27B9D200A92067 /* Note_TakerUITests.swift */; };
		414EE7651F27BD5400A92067 /* NewNoteViewController.swift in Sources */ = {isa = PBXBuildFile; fileRef = 414EE7641F27BD5400A92067 /* NewNoteViewController.swift */; };
		414EE7AA1F2A4F5800A92067 /* MasterViewControllerCell.swift in Sources */ = {isa = PBXBuildFile; fileRef = 414EE7A91F2A4F5700A92067 /* MasterViewControllerCell.swift */; };
		416CBA301F2FA56900AE4668 /* AVFoundation.framework in Frameworks */ = {isa = PBXBuildFile; fileRef = 416CBA2F1F2FA56900AE4668 /* AVFoundation.framework */; };
/* End PBXBuildFile section */

/* Begin PBXContainerItemProxy section */
		414EE7481F27B9D200A92067 /* PBXContainerItemProxy */ = {
			isa = PBXContainerItemProxy;
			containerPortal = 414EE7261F27B9D200A92067 /* Project object */;
			proxyType = 1;
			remoteGlobalIDString = 414EE72D1F27B9D200A92067;
			remoteInfo = "Note Taker";
		};
		414EE7531F27B9D200A92067 /* PBXContainerItemProxy */ = {
			isa = PBXContainerItemProxy;
			containerPortal = 414EE7261F27B9D200A92067 /* Project object */;
			proxyType = 1;
			remoteGlobalIDString = 414EE72D1F27B9D200A92067;
			remoteInfo = "Note Taker";
		};
/* End PBXContainerItemProxy section */

/* Begin PBXFileReference section */
		414EE72E1F27B9D200A92067 /* Note Taker.app */ = {isa = PBXFileReference; explicitFileType = wrapper.application; includeInIndex = 0; path = "Note Taker.app"; sourceTree = BUILT_PRODUCTS_DIR; };
		414EE7311F27B9D200A92067 /* AppDelegate.swift */ = {isa = PBXFileReference; lastKnownFileType = sourcecode.swift; path = AppDelegate.swift; sourceTree = "<group>"; };
		414EE7341F27B9D200A92067 /* Note_Taker.xcdatamodel */ = {isa = PBXFileReference; lastKnownFileType = wrapper.xcdatamodel; path = Note_Taker.xcdatamodel; sourceTree = "<group>"; };
		414EE7361F27B9D200A92067 /* MasterViewController.swift */ = {isa = PBXFileReference; lastKnownFileType = sourcecode.swift; path = MasterViewController.swift; sourceTree = "<group>"; };
		414EE7381F27B9D200A92067 /* DetailViewController.swift */ = {isa = PBXFileReference; lastKnownFileType = sourcecode.swift; path = DetailViewController.swift; sourceTree = "<group>"; };
		414EE73B1F27B9D200A92067 /* Base */ = {isa = PBXFileReference; lastKnownFileType = file.storyboard; name = Base; path = Base.lproj/Main.storyboard; sourceTree = "<group>"; };
		414EE73D1F27B9D200A92067 /* Assets.xcassets */ = {isa = PBXFileReference; lastKnownFileType = folder.assetcatalog; path = Assets.xcassets; sourceTree = "<group>"; };
		414EE7401F27B9D200A92067 /* Base */ = {isa = PBXFileReference; lastKnownFileType = file.storyboard; name = Base; path = Base.lproj/LaunchScreen.storyboard; sourceTree = "<group>"; };
		414EE7421F27B9D200A92067 /* Info.plist */ = {isa = PBXFileReference; lastKnownFileType = text.plist.xml; path = Info.plist; sourceTree = "<group>"; };
		414EE7471F27B9D200A92067 /* Note TakerTests.xctest */ = {isa = PBXFileReference; explicitFileType = wrapper.cfbundle; includeInIndex = 0; path = "Note TakerTests.xctest"; sourceTree = BUILT_PRODUCTS_DIR; };
		414EE74B1F27B9D200A92067 /* Note_TakerTests.swift */ = {isa = PBXFileReference; lastKnownFileType = sourcecode.swift; path = Note_TakerTests.swift; sourceTree = "<group>"; };
		414EE74D1F27B9D200A92067 /* Info.plist */ = {isa = PBXFileReference; lastKnownFileType = text.plist.xml; path = Info.plist; sourceTree = "<group>"; };
		414EE7521F27B9D200A92067 /* Note TakerUITests.xctest */ = {isa = PBXFileReference; explicitFileType = wrapper.cfbundle; includeInIndex = 0; path = "Note TakerUITests.xctest"; sourceTree = BUILT_PRODUCTS_DIR; };
		414EE7561F27B9D200A92067 /* Note_TakerUITests.swift */ = {isa = PBXFileReference; lastKnownFileType = sourcecode.swift; path = Note_TakerUITests.swift; sourceTree = "<group>"; };
		414EE7581F27B9D200A92067 /* Info.plist */ = {isa = PBXFileReference; lastKnownFileType = text.plist.xml; path = Info.plist; sourceTree = "<group>"; };
		414EE7641F27BD5400A92067 /* NewNoteViewController.swift */ = {isa = PBXFileReference; fileEncoding = 4; lastKnownFileType = sourcecode.swift; name = NewNoteViewController.swift; path = ../NewNoteViewController.swift; sourceTree = "<group>"; };
		414EE7A91F2A4F5700A92067 /* MasterViewControllerCell.swift */ = {isa = PBXFileReference; fileEncoding = 4; lastKnownFileType = sourcecode.swift; path = MasterViewControllerCell.swift; sourceTree = "<group>"; };
		416CBA2F1F2FA56900AE4668 /* AVFoundation.framework */ = {isa = PBXFileReference; lastKnownFileType = wrapper.framework; name = AVFoundation.framework; path = System/Library/Frameworks/AVFoundation.framework; sourceTree = SDKROOT; };
/* End PBXFileReference section */

/* Begin PBXFrameworksBuildPhase section */
		414EE72B1F27B9D200A92067 /* Frameworks */ = {
			isa = PBXFrameworksBuildPhase;
			buildActionMask = 2147483647;
			files = (
				416CBA301F2FA56900AE4668 /* AVFoundation.framework in Frameworks */,
			);
			runOnlyForDeploymentPostprocessing = 0;
		};
		414EE7441F27B9D200A92067 /* Frameworks */ = {
			isa = PBXFrameworksBuildPhase;
			buildActionMask = 2147483647;
			files = (
			);
			runOnlyForDeploymentPostprocessing = 0;
		};
		414EE74F1F27B9D200A92067 /* Frameworks */ = {
			isa = PBXFrameworksBuildPhase;
			buildActionMask = 2147483647;
			files = (
			);
			runOnlyForDeploymentPostprocessing = 0;
		};
/* End PBXFrameworksBuildPhase section */

/* Begin PBXGroup section */
		414EE7251F27B9D200A92067 = {
			isa = PBXGroup;
			children = (
				414EE7301F27B9D200A92067 /* Note Taker */,
				414EE74A1F27B9D200A92067 /* Note TakerTests */,
				414EE7551F27B9D200A92067 /* Note TakerUITests */,
				414EE72F1F27B9D200A92067 /* Products */,
				416CBA2E1F2FA56800AE4668 /* Frameworks */,
			);
			sourceTree = "<group>";
		};
		414EE72F1F27B9D200A92067 /* Products */ = {
			isa = PBXGroup;
			children = (
				414EE72E1F27B9D200A92067 /* Note Taker.app */,
				414EE7471F27B9D200A92067 /* Note TakerTests.xctest */,
				414EE7521F27B9D200A92067 /* Note TakerUITests.xctest */,
			);
			name = Products;
			sourceTree = "<group>";
		};
		414EE7301F27B9D200A92067 /* Note Taker */ = {
			isa = PBXGroup;
			children = (
				414EE7311F27B9D200A92067 /* AppDelegate.swift */,
				414EE7A71F2A4F2A00A92067 /* MasterViewController */,
				414EE7381F27B9D200A92067 /* DetailViewController.swift */,
				414EE7641F27BD5400A92067 /* NewNoteViewController.swift */,
				414EE73A1F27B9D200A92067 /* Main.storyboard */,
				414EE73D1F27B9D200A92067 /* Assets.xcassets */,
				414EE73F1F27B9D200A92067 /* LaunchScreen.storyboard */,
				414EE7421F27B9D200A92067 /* Info.plist */,
				414EE7331F27B9D200A92067 /* Note_Taker.xcdatamodeld */,
			);
			path = "Note Taker";
			sourceTree = "<group>";
		};
		414EE74A1F27B9D200A92067 /* Note TakerTests */ = {
			isa = PBXGroup;
			children = (
				414EE74B1F27B9D200A92067 /* Note_TakerTests.swift */,
				414EE74D1F27B9D200A92067 /* Info.plist */,
			);
			path = "Note TakerTests";
			sourceTree = "<group>";
		};
		414EE7551F27B9D200A92067 /* Note TakerUITests */ = {
			isa = PBXGroup;
			children = (
				414EE7561F27B9D200A92067 /* Note_TakerUITests.swift */,
				414EE7581F27B9D200A92067 /* Info.plist */,
			);
			path = "Note TakerUITests";
			sourceTree = "<group>";
		};
		414EE7A71F2A4F2A00A92067 /* MasterViewController */ = {
			isa = PBXGroup;
			children = (
				414EE7361F27B9D200A92067 /* MasterViewController.swift */,
				414EE7A91F2A4F5700A92067 /* MasterViewControllerCell.swift */,
			);
			name = MasterViewController;
			sourceTree = "<group>";
		};
		416CBA2E1F2FA56800AE4668 /* Frameworks */ = {
			isa = PBXGroup;
			children = (
				416CBA2F1F2FA56900AE4668 /* AVFoundation.framework */,
			);
			name = Frameworks;
			sourceTree = "<group>";
		};
/* End PBXGroup section */

/* Begin PBXNativeTarget section */
		414EE72D1F27B9D200A92067 /* Note Taker */ = {
			isa = PBXNativeTarget;
			buildConfigurationList = 414EE75B1F27B9D200A92067 /* Build configuration list for PBXNativeTarget "Note Taker" */;
			buildPhases = (
				414EE72A1F27B9D200A92067 /* Sources */,
				414EE72B1F27B9D200A92067 /* Frameworks */,
				414EE72C1F27B9D200A92067 /* Resources */,
			);
			buildRules = (
			);
			dependencies = (
			);
			name = "Note Taker";
			productName = "Note Taker";
			productReference = 414EE72E1F27B9D200A92067 /* Note Taker.app */;
			productType = "com.apple.product-type.application";
		};
		414EE7461F27B9D200A92067 /* Note TakerTests */ = {
			isa = PBXNativeTarget;
			buildConfigurationList = 414EE75E1F27B9D200A92067 /* Build configuration list for PBXNativeTarget "Note TakerTests" */;
			buildPhases = (
				414EE7431F27B9D200A92067 /* Sources */,
				414EE7441F27B9D200A92067 /* Frameworks */,
				414EE7451F27B9D200A92067 /* Resources */,
			);
			buildRules = (
			);
			dependencies = (
				414EE7491F27B9D200A92067 /* PBXTargetDependency */,
			);
			name = "Note TakerTests";
			productName = "Note TakerTests";
			productReference = 414EE7471F27B9D200A92067 /* Note TakerTests.xctest */;
			productType = "com.apple.product-type.bundle.unit-test";
		};
		414EE7511F27B9D200A92067 /* Note TakerUITests */ = {
			isa = PBXNativeTarget;
			buildConfigurationList = 414EE7611F27B9D200A92067 /* Build configuration list for PBXNativeTarget "Note TakerUITests" */;
			buildPhases = (
				414EE74E1F27B9D200A92067 /* Sources */,
				414EE74F1F27B9D200A92067 /* Frameworks */,
				414EE7501F27B9D200A92067 /* Resources */,
			);
			buildRules = (
			);
			dependencies = (
				414EE7541F27B9D200A92067 /* PBXTargetDependency */,
			);
			name = "Note TakerUITests";
			productName = "Note TakerUITests";
			productReference = 414EE7521F27B9D200A92067 /* Note TakerUITests.xctest */;
			productType = "com.apple.product-type.bundle.ui-testing";
		};
/* End PBXNativeTarget section */

/* Begin PBXProject section */
		414EE7261F27B9D200A92067 /* Project object */ = {
			isa = PBXProject;
			attributes = {
				LastSwiftUpdateCheck = 0830;
				LastUpgradeCheck = 0830;
				ORGANIZATIONNAME = NathanPavlovsky;
				TargetAttributes = {
					414EE72D1F27B9D200A92067 = {
						CreatedOnToolsVersion = 8.3.3;
						DevelopmentTeam = GE85M2PP79;
						ProvisioningStyle = Automatic;
					};
					414EE7461F27B9D200A92067 = {
						CreatedOnToolsVersion = 8.3.3;
						ProvisioningStyle = Automatic;
						TestTargetID = 414EE72D1F27B9D200A92067;
					};
					414EE7511F27B9D200A92067 = {
						CreatedOnToolsVersion = 8.3.3;
						ProvisioningStyle = Automatic;
						TestTargetID = 414EE72D1F27B9D200A92067;
					};
				};
			};
			buildConfigurationList = 414EE7291F27B9D200A92067 /* Build configuration list for PBXProject "Note Taker" */;
			compatibilityVersion = "Xcode 3.2";
			developmentRegion = English;
			hasScannedForEncodings = 0;
			knownRegions = (
				en,
				Base,
			);
			mainGroup = 414EE7251F27B9D200A92067;
			productRefGroup = 414EE72F1F27B9D200A92067 /* Products */;
			projectDirPath = "";
			projectRoot = "";
			targets = (
				414EE72D1F27B9D200A92067 /* Note Taker */,
				414EE7461F27B9D200A92067 /* Note TakerTests */,
				414EE7511F27B9D200A92067 /* Note TakerUITests */,
			);
		};
/* End PBXProject section */

/* Begin PBXResourcesBuildPhase section */
		414EE72C1F27B9D200A92067 /* Resources */ = {
			isa = PBXResourcesBuildPhase;
			buildActionMask = 2147483647;
			files = (
				414EE7411F27B9D200A92067 /* LaunchScreen.storyboard in Resources */,
				414EE73E1F27B9D200A92067 /* Assets.xcassets in Resources */,
				414EE73C1F27B9D200A92067 /* Main.storyboard in Resources */,
			);
			runOnlyForDeploymentPostprocessing = 0;
		};
		414EE7451F27B9D200A92067 /* Resources */ = {
			isa = PBXResourcesBuildPhase;
			buildActionMask = 2147483647;
			files = (
			);
			runOnlyForDeploymentPostprocessing = 0;
		};
		414EE7501F27B9D200A92067 /* Resources */ = {
			isa = PBXResourcesBuildPhase;
			buildActionMask = 2147483647;
			files = (
			);
			runOnlyForDeploymentPostprocessing = 0;
		};
/* End PBXResourcesBuildPhase section */

/* Begin PBXSourcesBuildPhase section */
		414EE72A1F27B9D200A92067 /* Sources */ = {
			isa = PBXSourcesBuildPhase;
			buildActionMask = 2147483647;
			files = (
				414EE7AA1F2A4F5800A92067 /* MasterViewControllerCell.swift in Sources */,
				414EE7651F27BD5400A92067 /* NewNoteViewController.swift in Sources */,
				414EE7321F27B9D200A92067 /* AppDelegate.swift in Sources */,
				414EE7351F27B9D200A92067 /* Note_Taker.xcdatamodeld in Sources */,
				414EE7371F27B9D200A92067 /* MasterViewController.swift in Sources */,
				414EE7391F27B9D200A92067 /* DetailViewController.swift in Sources */,
			);
			runOnlyForDeploymentPostprocessing = 0;
		};
		414EE7431F27B9D200A92067 /* Sources */ = {
			isa = PBXSourcesBuildPhase;
			buildActionMask = 2147483647;
			files = (
				414EE74C1F27B9D200A92067 /* Note_TakerTests.swift in Sources */,
			);
			runOnlyForDeploymentPostprocessing = 0;
		};
		414EE74E1F27B9D200A92067 /* Sources */ = {
			isa = PBXSourcesBuildPhase;
			buildActionMask = 2147483647;
			files = (
				414EE7571F27B9D200A92067 /* Note_TakerUITests.swift in Sources */,
			);
			runOnlyForDeploymentPostprocessing = 0;
		};
/* End PBXSourcesBuildPhase section */

/* Begin PBXTargetDependency section */
		414EE7491F27B9D200A92067 /* PBXTargetDependency */ = {
			isa = PBXTargetDependency;
			target = 414EE72D1F27B9D200A92067 /* Note Taker */;
			targetProxy = 414EE7481F27B9D200A92067 /* PBXContainerItemProxy */;
		};
		414EE7541F27B9D200A92067 /* PBXTargetDependency */ = {
			isa = PBXTargetDependency;
			target = 414EE72D1F27B9D200A92067 /* Note Taker */;
			targetProxy = 414EE7531F27B9D200A92067 /* PBXContainerItemProxy */;
		};
/* End PBXTargetDependency section */

/* Begin PBXVariantGroup section */
		414EE73A1F27B9D200A92067 /* Main.storyboard */ = {
			isa = PBXVariantGroup;
			children = (
				414EE73B1F27B9D200A92067 /* Base */,
			);
			name = Main.storyboard;
			sourceTree = "<group>";
		};
		414EE73F1F27B9D200A92067 /* LaunchScreen.storyboard */ = {
			isa = PBXVariantGroup;
			children = (
				414EE7401F27B9D200A92067 /* Base */,
			);
			name = LaunchScreen.storyboard;
			sourceTree = "<group>";
		};
/* End PBXVariantGroup section */

/* Begin XCBuildConfiguration section */
		414EE7591F27B9D200A92067 /* Debug */ = {
			isa = XCBuildConfiguration;
			buildSettings = {
				ALWAYS_SEARCH_USER_PATHS = NO;
				CLANG_ANALYZER_NONNULL = YES;
				CLANG_ANALYZER_NUMBER_OBJECT_CONVERSION = YES_AGGRESSIVE;
				CLANG_CXX_LANGUAGE_STANDARD = "gnu++0x";
				CLANG_CXX_LIBRARY = "libc++";
				CLANG_ENABLE_MODULES = YES;
				CLANG_ENABLE_OBJC_ARC = YES;
				CLANG_WARN_BOOL_CONVERSION = YES;
				CLANG_WARN_CONSTANT_CONVERSION = YES;
				CLANG_WARN_DIRECT_OBJC_ISA_USAGE = YES_ERROR;
				CLANG_WARN_DOCUMENTATION_COMMENTS = YES;
				CLANG_WARN_EMPTY_BODY = YES;
				CLANG_WARN_ENUM_CONVERSION = YES;
				CLANG_WARN_INFINITE_RECURSION = YES;
				CLANG_WARN_INT_CONVERSION = YES;
				CLANG_WARN_OBJC_ROOT_CLASS = YES_ERROR;
				CLANG_WARN_SUSPICIOUS_MOVE = YES;
				CLANG_WARN_UNREACHABLE_CODE = YES;
				CLANG_WARN__DUPLICATE_METHOD_MATCH = YES;
				"CODE_SIGN_IDENTITY[sdk=iphoneos*]" = "iPhone Developer";
				COPY_PHASE_STRIP = NO;
				DEBUG_INFORMATION_FORMAT = dwarf;
				ENABLE_STRICT_OBJC_MSGSEND = YES;
				ENABLE_TESTABILITY = YES;
				GCC_C_LANGUAGE_STANDARD = gnu99;
				GCC_DYNAMIC_NO_PIC = NO;
				GCC_NO_COMMON_BLOCKS = YES;
				GCC_OPTIMIZATION_LEVEL = 0;
				GCC_PREPROCESSOR_DEFINITIONS = (
					"DEBUG=1",
					"$(inherited)",
				);
				GCC_WARN_64_TO_32_BIT_CONVERSION = YES;
				GCC_WARN_ABOUT_RETURN_TYPE = YES_ERROR;
				GCC_WARN_UNDECLARED_SELECTOR = YES;
				GCC_WARN_UNINITIALIZED_AUTOS = YES_AGGRESSIVE;
				GCC_WARN_UNUSED_FUNCTION = YES;
				GCC_WARN_UNUSED_VARIABLE = YES;
				IPHONEOS_DEPLOYMENT_TARGET = 10.3;
				MTL_ENABLE_DEBUG_INFO = YES;
				ONLY_ACTIVE_ARCH = YES;
				SDKROOT = iphoneos;
				SWIFT_ACTIVE_COMPILATION_CONDITIONS = DEBUG;
				SWIFT_OPTIMIZATION_LEVEL = "-Onone";
			};
			name = Debug;
		};
		414EE75A1F27B9D200A92067 /* Release */ = {
			isa = XCBuildConfiguration;
			buildSettings = {
				ALWAYS_SEARCH_USER_PATHS = NO;
				CLANG_ANALYZER_NONNULL = YES;
				CLANG_ANALYZER_NUMBER_OBJECT_CONVERSION = YES_AGGRESSIVE;
				CLANG_CXX_LANGUAGE_STANDARD = "gnu++0x";
				CLANG_CXX_LIBRARY = "libc++";
				CLANG_ENABLE_MODULES = YES;
				CLANG_ENABLE_OBJC_ARC = YES;
				CLANG_WARN_BOOL_CONVERSION = YES;
				CLANG_WARN_CONSTANT_CONVERSION = YES;
				CLANG_WARN_DIRECT_OBJC_ISA_USAGE = YES_ERROR;
				CLANG_WARN_DOCUMENTATION_COMMENTS = YES;
				CLANG_WARN_EMPTY_BODY = YES;
				CLANG_WARN_ENUM_CONVERSION = YES;
				CLANG_WARN_INFINITE_RECURSION = YES;
				CLANG_WARN_INT_CONVERSION = YES;
				CLANG_WARN_OBJC_ROOT_CLASS = YES_ERROR;
				CLANG_WARN_SUSPICIOUS_MOVE = YES;
				CLANG_WARN_UNREACHABLE_CODE = YES;
				CLANG_WARN__DUPLICATE_METHOD_MATCH = YES;
				"CODE_SIGN_IDENTITY[sdk=iphoneos*]" = "iPhone Developer";
				COPY_PHASE_STRIP = NO;
				DEBUG_INFORMATION_FORMAT = "dwarf-with-dsym";
				ENABLE_NS_ASSERTIONS = NO;
				ENABLE_STRICT_OBJC_MSGSEND = YES;
				GCC_C_LANGUAGE_STANDARD = gnu99;
				GCC_NO_COMMON_BLOCKS = YES;
				GCC_WARN_64_TO_32_BIT_CONVERSION = YES;
				GCC_WARN_ABOUT_RETURN_TYPE = YES_ERROR;
				GCC_WARN_UNDECLARED_SELECTOR = YES;
				GCC_WARN_UNINITIALIZED_AUTOS = YES_AGGRESSIVE;
				GCC_WARN_UNUSED_FUNCTION = YES;
				GCC_WARN_UNUSED_VARIABLE = YES;
				IPHONEOS_DEPLOYMENT_TARGET = 10.3;
				MTL_ENABLE_DEBUG_INFO = NO;
				SDKROOT = iphoneos;
				SWIFT_OPTIMIZATION_LEVEL = "-Owholemodule";
				VALIDATE_PRODUCT = YES;
			};
			name = Release;
		};
		414EE75C1F27B9D200A92067 /* Debug */ = {
			isa = XCBuildConfiguration;
			buildSettings = {
				ASSETCATALOG_COMPILER_APPICON_NAME = AppIcon;
				DEVELOPMENT_TEAM = GE85M2PP79;
				INFOPLIST_FILE = "Note Taker/Info.plist";
				LD_RUNPATH_SEARCH_PATHS = "$(inherited) @executable_path/Frameworks";
				PRODUCT_BUNDLE_IDENTIFIER = "com.NathanPavlovsky.Note-Taker";
				PRODUCT_NAME = "$(TARGET_NAME)";
				SWIFT_VERSION = 3.0;
			};
			name = Debug;
		};
		414EE75D1F27B9D200A92067 /* Release */ = {
			isa = XCBuildConfiguration;
			buildSettings = {
				ASSETCATALOG_COMPILER_APPICON_NAME = AppIcon;
				DEVELOPMENT_TEAM = GE85M2PP79;
				INFOPLIST_FILE = "Note Taker/Info.plist";
				LD_RUNPATH_SEARCH_PATHS = "$(inherited) @executable_path/Frameworks";
				PRODUCT_BUNDLE_IDENTIFIER = "com.NathanPavlovsky.Note-Taker";
				PRODUCT_NAME = "$(TARGET_NAME)";
				SWIFT_VERSION = 3.0;
			};
			name = Release;
		};
		414EE75F1F27B9D200A92067 /* Debug */ = {
			isa = XCBuildConfiguration;
			buildSettings = {
				ALWAYS_EMBED_SWIFT_STANDARD_LIBRARIES = YES;
				BUNDLE_LOADER = "$(TEST_HOST)";
				INFOPLIST_FILE = "Note TakerTests/Info.plist";
				LD_RUNPATH_SEARCH_PATHS = "$(inherited) @executable_path/Frameworks @loader_path/Frameworks";
				PRODUCT_BUNDLE_IDENTIFIER = "com.NathanPavlovsky.Note-TakerTests";
				PRODUCT_NAME = "$(TARGET_NAME)";
				SWIFT_VERSION = 3.0;
				TEST_HOST = "$(BUILT_PRODUCTS_DIR)/Note Taker.app/Note Taker";
			};
			name = Debug;
		};
		414EE7601F27B9D200A92067 /* Release */ = {
			isa = XCBuildConfiguration;
			buildSettings = {
				ALWAYS_EMBED_SWIFT_STANDARD_LIBRARIES = YES;
				BUNDLE_LOADER = "$(TEST_HOST)";
				INFOPLIST_FILE = "Note TakerTests/Info.plist";
				LD_RUNPATH_SEARCH_PATHS = "$(inherited) @executable_path/Frameworks @loader_path/Frameworks";
				PRODUCT_BUNDLE_IDENTIFIER = "com.NathanPavlovsky.Note-TakerTests";
				PRODUCT_NAME = "$(TARGET_NAME)";
				SWIFT_VERSION = 3.0;
				TEST_HOST = "$(BUILT_PRODUCTS_DIR)/Note Taker.app/Note Taker";
			};
			name = Release;
		};
		414EE7621F27B9D200A92067 /* Debug */ = {
			isa = XCBuildConfiguration;
			buildSettings = {
				ALWAYS_EMBED_SWIFT_STANDARD_LIBRARIES = YES;
				INFOPLIST_FILE = "Note TakerUITests/Info.plist";
				LD_RUNPATH_SEARCH_PATHS = "$(inherited) @executable_path/Frameworks @loader_path/Frameworks";
				PRODUCT_BUNDLE_IDENTIFIER = "com.NathanPavlovsky.Note-TakerUITests";
				PRODUCT_NAME = "$(TARGET_NAME)";
				SWIFT_VERSION = 3.0;
				TEST_TARGET_NAME = "Note Taker";
			};
			name = Debug;
		};
		414EE7631F27B9D200A92067 /* Release */ = {
			isa = XCBuildConfiguration;
			buildSettings = {
				ALWAYS_EMBED_SWIFT_STANDARD_LIBRARIES = YES;
				INFOPLIST_FILE = "Note TakerUITests/Info.plist";
				LD_RUNPATH_SEARCH_PATHS = "$(inherited) @executable_path/Frameworks @loader_path/Frameworks";
				PRODUCT_BUNDLE_IDENTIFIER = "com.NathanPavlovsky.Note-TakerUITests";
				PRODUCT_NAME = "$(TARGET_NAME)";
				SWIFT_VERSION = 3.0;
				TEST_TARGET_NAME = "Note Taker";
			};
			name = Release;
		};
/* End XCBuildConfiguration section */

/* Begin XCConfigurationList section */
		414EE7291F27B9D200A92067 /* Build configuration list for PBXProject "Note Taker" */ = {
			isa = XCConfigurationList;
			buildConfigurations = (
				414EE7591F27B9D200A92067 /* Debug */,
				414EE75A1F27B9D200A92067 /* Release */,
			);
			defaultConfigurationIsVisible = 0;
			defaultConfigurationName = Release;
		};
		414EE75B1F27B9D200A92067 /* Build configuration list for PBXNativeTarget "Note Taker" */ = {
			isa = XCConfigurationList;
			buildConfigurations = (
				414EE75C1F27B9D200A92067 /* Debug */,
				414EE75D1F27B9D200A92067 /* Release */,
			);
			defaultConfigurationIsVisible = 0;
			defaultConfigurationName = Release;
		};
		414EE75E1F27B9D200A92067 /* Build configuration list for PBXNativeTarget "Note TakerTests" */ = {
			isa = XCConfigurationList;
			buildConfigurations = (
				414EE75F1F27B9D200A92067 /* Debug */,
				414EE7601F27B9D200A92067 /* Release */,
			);
			defaultConfigurationIsVisible = 0;
			defaultConfigurationName = Release;
		};
		414EE7611F27B9D200A92067 /* Build configuration list for PBXNativeTarget "Note TakerUITests" */ = {
			isa = XCConfigurationList;
			buildConfigurations = (
				414EE7621F27B9D200A92067 /* Debug */,
				414EE7631F27B9D200A92067 /* Release */,
			);
			defaultConfigurationIsVisible = 0;
			defaultConfigurationName = Release;
		};
/* End XCConfigurationList section */

/* Begin XCVersionGroup section */
		414EE7331F27B9D200A92067 /* Note_Taker.xcdatamodeld */ = {
			isa = XCVersionGroup;
			children = (
				414EE7341F27B9D200A92067 /* Note_Taker.xcdatamodel */,
			);
			currentVersion = 414EE7341F27B9D200A92067 /* Note_Taker.xcdatamodel */;
			path = Note_Taker.xcdatamodeld;
			sourceTree = "<group>";
			versionGroupType = wrapper.xcdatamodel;
		};
/* End XCVersionGroup section */
	};
	rootObject = 414EE7261F27B9D200A92067 /* Project object */;
}
